
Microsoft Visual Studio Solution File, Format Version 12.00
# Visual Studio Version 16
VisualStudioVersion = 16.0.30320.27
MinimumVisualStudioVersion = 10.0.40219.1
Project("{888888A0-9F3D-457C-B088-3A5042F75D52}") = "DjangoWebProject1", "DjangoWebProject1.pyproj", "{F881AB41-E804-4599-B61F-7A3B43D77F0B}"
EndProject
Global
	GlobalSection(SolutionConfigurationPlatforms) = preSolution
		Debug|Any CPU = Debug|Any CPU
		Release|Any CPU = Release|Any CPU
	EndGlobalSection
	GlobalSection(ProjectConfigurationPlatforms) = postSolution
		{F881AB41-E804-4599-B61F-7A3B43D77F0B}.Debug|Any CPU.ActiveCfg = Debug|Any CPU
		{F881AB41-E804-4599-B61F-7A3B43D77F0B}.Debug|Any CPU.Build.0 = Debug|Any CPU
		{F881AB41-E804-4599-B61F-7A3B43D77F0B}.Release|Any CPU.ActiveCfg = Release|Any CPU
		{F881AB41-E804-4599-B61F-7A3B43D77F0B}.Release|Any CPU.Build.0 = Release|Any CPU
	EndGlobalSection
	GlobalSection(SolutionProperties) = preSolution
		HideSolutionNode = FALSE
	EndGlobalSection
	GlobalSection(ExtensibilityGlobals) = postSolution
		SolutionGuid = {688427D8-55A3-4DC3-842A-EE811674D634}
	EndGlobalSection
EndGlobal
